// !$*UTF8*$!
{
	archiveVersion = 1;
	classes = {
	};
	objectVersion = 46;
	objects = {

/* Begin PBXBuildFile section */
		01628C9A1C45828400B522C6 /* main.swift in Sources */ = {isa = PBXBuildFile; fileRef = 01628C991C45828400B522C6 /* main.swift */; };
		01628CA11C45828F00B522C6 /* Cell.swift in Sources */ = {isa = PBXBuildFile; fileRef = 01628CA01C45828F00B522C6 /* Cell.swift */; };
		01628CA31C4582BD00B522C6 /* SudokuDifficulty.swift in Sources */ = {isa = PBXBuildFile; fileRef = 01628CA21C4582BD00B522C6 /* SudokuDifficulty.swift */; };
		01628CA51C4582F100B522C6 /* SudokuBoard.swift in Sources */ = {isa = PBXBuildFile; fileRef = 01628CA41C4582F100B522C6 /* SudokuBoard.swift */; };
		01628CA71C46BB8000B522C6 /* SimulatedAnnealingSolver.swift in Sources */ = {isa = PBXBuildFile; fileRef = 01628CA61C46BB8000B522C6 /* SimulatedAnnealingSolver.swift */; };
		01628CA91C46BE6100B522C6 /* SudokuGenerator.swift in Sources */ = {isa = PBXBuildFile; fileRef = 01628CA81C46BE6100B522C6 /* SudokuGenerator.swift */; };
		01628CAB1C46BEA200B522C6 /* DeepFirstSolver.swift in Sources */ = {isa = PBXBuildFile; fileRef = 01628CAA1C46BEA200B522C6 /* DeepFirstSolver.swift */; };
		01AA042B1C4C18A100BC88A6 /* Global.swift in Sources */ = {isa = PBXBuildFile; fileRef = 01AA042A1C4C18A100BC88A6 /* Global.swift */; };
/* End PBXBuildFile section */

/* Begin PBXCopyFilesBuildPhase section */
		01628C941C45828400B522C6 /* CopyFiles */ = {
			isa = PBXCopyFilesBuildPhase;
			buildActionMask = 2147483647;
			dstPath = /usr/share/man/man1/;
			dstSubfolderSpec = 0;
			files = (
			);
			runOnlyForDeploymentPostprocessing = 1;
		};
/* End PBXCopyFilesBuildPhase section */

/* Begin PBXFileReference section */
		01628C961C45828400B522C6 /* Sudoku */ = {isa = PBXFileReference; explicitFileType = "compiled.mach-o.executable"; includeInIndex = 0; path = Sudoku; sourceTree = BUILT_PRODUCTS_DIR; };
		01628C991C45828400B522C6 /* main.swift */ = {isa = PBXFileReference; lastKnownFileType = sourcecode.swift; path = main.swift; sourceTree = "<group>"; };
		01628CA01C45828F00B522C6 /* Cell.swift */ = {isa = PBXFileReference; fileEncoding = 4; lastKnownFileType = sourcecode.swift; path = Cell.swift; sourceTree = "<group>"; };
		01628CA21C4582BD00B522C6 /* SudokuDifficulty.swift */ = {isa = PBXFileReference; fileEncoding = 4; lastKnownFileType = sourcecode.swift; path = SudokuDifficulty.swift; sourceTree = "<group>"; };
		01628CA41C4582F100B522C6 /* SudokuBoard.swift */ = {isa = PBXFileReference; fileEncoding = 4; lastKnownFileType = sourcecode.swift; path = SudokuBoard.swift; sourceTree = "<group>"; };
		01628CA61C46BB8000B522C6 /* SimulatedAnnealingSolver.swift */ = {isa = PBXFileReference; fileEncoding = 4; lastKnownFileType = sourcecode.swift; path = SimulatedAnnealingSolver.swift; sourceTree = "<group>"; };
		01628CA81C46BE6100B522C6 /* SudokuGenerator.swift */ = {isa = PBXFileReference; fileEncoding = 4; lastKnownFileType = sourcecode.swift; path = SudokuGenerator.swift; sourceTree = "<group>"; };
		01628CAA1C46BEA200B522C6 /* DeepFirstSolver.swift */ = {isa = PBXFileReference; fileEncoding = 4; lastKnownFileType = sourcecode.swift; path = DeepFirstSolver.swift; sourceTree = "<group>"; };
		01628CAE1C46C0F700B522C6 /* SudokuPlayground.playground */ = {isa = PBXFileReference; lastKnownFileType = file.playground; path = SudokuPlayground.playground; sourceTree = "<group>"; };
		01AA042A1C4C18A100BC88A6 /* Global.swift */ = {isa = PBXFileReference; fileEncoding = 4; lastKnownFileType = sourcecode.swift; path = Global.swift; sourceTree = "<group>"; };
/* End PBXFileReference section */

/* Begin PBXFrameworksBuildPhase section */
		01628C931C45828400B522C6 /* Frameworks */ = {
			isa = PBXFrameworksBuildPhase;
			buildActionMask = 2147483647;
			files = (
			);
			runOnlyForDeploymentPostprocessing = 0;
		};
/* End PBXFrameworksBuildPhase section */

/* Begin PBXGroup section */
		01148D131C4CF2E000F3F993 /* Solvers */ = {
			isa = PBXGroup;
			children = (
				01628CA61C46BB8000B522C6 /* SimulatedAnnealingSolver.swift */,
				01628CAA1C46BEA200B522C6 /* DeepFirstSolver.swift */,
			);
			name = Solvers;
			sourceTree = "<group>";
		};
		01628C8D1C45828400B522C6 = {
			isa = PBXGroup;
			children = (
				01628C981C45828400B522C6 /* Sudoku */,
				01628C971C45828400B522C6 /* Products */,
			);
			sourceTree = "<group>";
		};
		01628C971C45828400B522C6 /* Products */ = {
			isa = PBXGroup;
			children = (
				01628C961C45828400B522C6 /* Sudoku */,
			);
			name = Products;
			sourceTree = "<group>";
		};
		01628C981C45828400B522C6 /* Sudoku */ = {
			isa = PBXGroup;
			children = (
				01628C991C45828400B522C6 /* main.swift */,
				01AA042A1C4C18A100BC88A6 /* Global.swift */,
				01148D131C4CF2E000F3F993 /* Solvers */,
				01628CA81C46BE6100B522C6 /* SudokuGenerator.swift */,
				01628CA01C45828F00B522C6 /* Cell.swift */,
				01628CA21C4582BD00B522C6 /* SudokuDifficulty.swift */,
				01628CA41C4582F100B522C6 /* SudokuBoard.swift */,
				01628CAE1C46C0F700B522C6 /* SudokuPlayground.playground */,
			);
			path = Sudoku;
			sourceTree = "<group>";
		};
/* End PBXGroup section */

/* Begin PBXNativeTarget section */
		01628C951C45828400B522C6 /* Sudoku */ = {
			isa = PBXNativeTarget;
			buildConfigurationList = 01628C9D1C45828400B522C6 /* Build configuration list for PBXNativeTarget "Sudoku" */;
			buildPhases = (
				01628C921C45828400B522C6 /* Sources */,
				01628C931C45828400B522C6 /* Frameworks */,
				01628C941C45828400B522C6 /* CopyFiles */,
			);
			buildRules = (
			);
			dependencies = (
			);
			name = Sudoku;
			productName = Sudoku;
			productReference = 01628C961C45828400B522C6 /* Sudoku */;
			productType = "com.apple.product-type.tool";
		};
/* End PBXNativeTarget section */

/* Begin PBXProject section */
		01628C8E1C45828400B522C6 /* Project object */ = {
			isa = PBXProject;
			attributes = {
				LastSwiftUpdateCheck = 0720;
				LastUpgradeCheck = 0720;
				ORGANIZATIONNAME = Scalbatty;
				TargetAttributes = {
					01628C951C45828400B522C6 = {
						CreatedOnToolsVersion = 7.2;
					};
				};
			};
			buildConfigurationList = 01628C911C45828400B522C6 /* Build configuration list for PBXProject "Sudoku" */;
			compatibilityVersion = "Xcode 3.2";
			developmentRegion = English;
			hasScannedForEncodings = 0;
			knownRegions = (
				en,
			);
			mainGroup = 01628C8D1C45828400B522C6;
			productRefGroup = 01628C971C45828400B522C6 /* Products */;
			projectDirPath = "";
			projectRoot = "";
			targets = (
				01628C951C45828400B522C6 /* Sudoku */,
			);
		};
/* End PBXProject section */

/* Begin PBXSourcesBuildPhase section */
		01628C921C45828400B522C6 /* Sources */ = {
			isa = PBXSourcesBuildPhase;
			buildActionMask = 2147483647;
			files = (
				01AA042B1C4C18A100BC88A6 /* Global.swift in Sources */,
				01628CA31C4582BD00B522C6 /* SudokuDifficulty.swift in Sources */,
				01628C9A1C45828400B522C6 /* main.swift in Sources */,
				01628CAB1C46BEA200B522C6 /* DeepFirstSolver.swift in Sources */,
				01628CA91C46BE6100B522C6 /* SudokuGenerator.swift in Sources */,
				01628CA11C45828F00B522C6 /* Cell.swift in Sources */,
				01628CA71C46BB8000B522C6 /* SimulatedAnnealingSolver.swift in Sources */,
				01628CA51C4582F100B522C6 /* SudokuBoard.swift in Sources */,
			);
			runOnlyForDeploymentPostprocessing = 0;
		};
/* End PBXSourcesBuildPhase section */

/* Begin XCBuildConfiguration section */
		01628C9B1C45828400B522C6 /* Debug */ = {
			isa = XCBuildConfiguration;
			buildSettings = {
				ALWAYS_SEARCH_USER_PATHS = NO;
				CLANG_CXX_LANGUAGE_STANDARD = "gnu++0x";
				CLANG_CXX_LIBRARY = "libc++";
				CLANG_ENABLE_MODULES = YES;
				CLANG_ENABLE_OBJC_ARC = YES;
				CLANG_WARN_BOOL_CONVERSION = YES;
				CLANG_WARN_CONSTANT_CONVERSION = YES;
				CLANG_WARN_DIRECT_OBJC_ISA_USAGE = YES_ERROR;
				CLANG_WARN_EMPTY_BODY = YES;
				CLANG_WARN_ENUM_CONVERSION = YES;
				CLANG_WARN_INT_CONVERSION = YES;
				CLANG_WARN_OBJC_ROOT_CLASS = YES_ERROR;
				CLANG_WARN_UNREACHABLE_CODE = YES;
				CLANG_WARN__DUPLICATE_METHOD_MATCH = YES;
				CODE_SIGN_IDENTITY = "-";
				COPY_PHASE_STRIP = NO;
				DEBUG_INFORMATION_FORMAT = dwarf;
				ENABLE_STRICT_OBJC_MSGSEND = YES;
				ENABLE_TESTABILITY = YES;
				GCC_C_LANGUAGE_STANDARD = gnu99;
				GCC_DYNAMIC_NO_PIC = NO;
				GCC_NO_COMMON_BLOCKS = YES;
				GCC_OPTIMIZATION_LEVEL = 0;
				GCC_PREPROCESSOR_DEFINITIONS = (
					"DEBUG=1",
					"$(inherited)",
				);
				GCC_WARN_64_TO_32_BIT_CONVERSION = YES;
				GCC_WARN_ABOUT_RETURN_TYPE = YES_ERROR;
				GCC_WARN_UNDECLARED_SELECTOR = YES;
				GCC_WARN_UNINITIALIZED_AUTOS = YES_AGGRESSIVE;
				GCC_WARN_UNUSED_FUNCTION = YES;
				GCC_WARN_UNUSED_VARIABLE = YES;
				MACOSX_DEPLOYMENT_TARGET = 10.11;
				MTL_ENABLE_DEBUG_INFO = YES;
				ONLY_ACTIVE_ARCH = YES;
				SDKROOT = macosx;
				SWIFT_OPTIMIZATION_LEVEL = "-Onone";
			};
			name = Debug;
		};
		01628C9C1C45828400B522C6 /* Release */ = {
			isa = XCBuildConfiguration;
			buildSettings = {
				ALWAYS_SEARCH_USER_PATHS = NO;
				CLANG_CXX_LANGUAGE_STANDARD = "gnu++0x";
				CLANG_CXX_LIBRARY = "libc++";
				CLANG_ENABLE_MODULES = YES;
				CLANG_ENABLE_OBJC_ARC = YES;
				CLANG_WARN_BOOL_CONVERSION = YES;
				CLANG_WARN_CONSTANT_CONVERSION = YES;
				CLANG_WARN_DIRECT_OBJC_ISA_USAGE = YES_ERROR;
				CLANG_WARN_EMPTY_BODY = YES;
				CLANG_WARN_ENUM_CONVERSION = YES;
				CLANG_WARN_INT_CONVERSION = YES;
				CLANG_WARN_OBJC_ROOT_CLASS = YES_ERROR;
				CLANG_WARN_UNREACHABLE_CODE = YES;
				CLANG_WARN__DUPLICATE_METHOD_MATCH = YES;
				CODE_SIGN_IDENTITY = "-";
				COPY_PHASE_STRIP = NO;
				DEBUG_INFORMATION_FORMAT = "dwarf-with-dsym";
				ENABLE_NS_ASSERTIONS = NO;
				ENABLE_STRICT_OBJC_MSGSEND = YES;
				GCC_C_LANGUAGE_STANDARD = gnu99;
				GCC_NO_COMMON_BLOCKS = YES;
				GCC_WARN_64_TO_32_BIT_CONVERSION = YES;
				GCC_WARN_ABOUT_RETURN_TYPE = YES_ERROR;
				GCC_WARN_UNDECLARED_SELECTOR = YES;
				GCC_WARN_UNINITIALIZED_AUTOS = YES_AGGRESSIVE;
				GCC_WARN_UNUSED_FUNCTION = YES;
				GCC_WARN_UNUSED_VARIABLE = YES;
				MACOSX_DEPLOYMENT_TARGET = 10.11;
				MTL_ENABLE_DEBUG_INFO = NO;
				SDKROOT = macosx;
			};
			name = Release;
		};
		01628C9E1C45828400B522C6 /* Debug */ = {
			isa = XCBuildConfiguration;
			buildSettings = {
				PRODUCT_NAME = "$(TARGET_NAME)";
			};
			name = Debug;
		};
		01628C9F1C45828400B522C6 /* Release */ = {
			isa = XCBuildConfiguration;
			buildSettings = {
				PRODUCT_NAME = "$(TARGET_NAME)";
			};
			name = Release;
		};
/* End XCBuildConfiguration section */

/* Begin XCConfigurationList section */
		01628C911C45828400B522C6 /* Build configuration list for PBXProject "Sudoku" */ = {
			isa = XCConfigurationList;
			buildConfigurations = (
				01628C9B1C45828400B522C6 /* Debug */,
				01628C9C1C45828400B522C6 /* Release */,
			);
			defaultConfigurationIsVisible = 0;
			defaultConfigurationName = Release;
		};
		01628C9D1C45828400B522C6 /* Build configuration list for PBXNativeTarget "Sudoku" */ = {
			isa = XCConfigurationList;
			buildConfigurations = (
				01628C9E1C45828400B522C6 /* Debug */,
				01628C9F1C45828400B522C6 /* Release */,
			);
			defaultConfigurationIsVisible = 0;
			defaultConfigurationName = Release;
		};
/* End XCConfigurationList section */
	};
	rootObject = 01628C8E1C45828400B522C6 /* Project object */;
}
